
Microsoft Visual Studio Solution File, Format Version 12.00
# Visual Studio Version 17
VisualStudioVersion = 17.5.33530.505
MinimumVisualStudioVersion = 10.0.40219.1
Project("{FAE04EC0-301F-11D3-BF4B-00C04F79EFBC}") = "ConsoleExperiment", "ConsoleExperiment.csproj", "{AFCDAF9A-8499-48B3-9379-8C81668EBD11}"
EndProject
Global
	GlobalSection(SolutionConfigurationPlatforms) = preSolution
		Debug|Any CPU = Debug|Any CPU
		Release|Any CPU = Release|Any CPU
	EndGlobalSection
	GlobalSection(ProjectConfigurationPlatforms) = postSolution
		{AFCDAF9A-8499-48B3-9379-8C81668EBD11}.Debug|Any CPU.ActiveCfg = Debug|Any CPU
		{AFCDAF9A-8499-48B3-9379-8C81668EBD11}.Debug|Any CPU.Build.0 = Debug|Any CPU
		{AFCDAF9A-8499-48B3-9379-8C81668EBD11}.Release|Any CPU.ActiveCfg = Release|Any CPU
		{AFCDAF9A-8499-48B3-9379-8C81668EBD11}.Release|Any CPU.Build.0 = Release|Any CPU
	EndGlobalSection
	GlobalSection(SolutionProperties) = preSolution
		HideSolutionNode = FALSE
	EndGlobalSection
	GlobalSection(ExtensibilityGlobals) = postSolution
		SolutionGuid = {9F4D5FB2-C165-456D-9C2A-2C88A6F20BB6}
	EndGlobalSection
EndGlobal
